// !$*UTF8*$!
{
	archiveVersion = 1;
	classes = {
	};
	objectVersion = 46;
	objects = {

/* Begin PBXBuildFile section */
		B134C7CB1B03368800F68978 /* AppDelegate.swift in Sources */ = {isa = PBXBuildFile; fileRef = B134C7CA1B03368800F68978 /* AppDelegate.swift */; };
		B134C7CD1B03368800F68978 /* ViewController.swift in Sources */ = {isa = PBXBuildFile; fileRef = B134C7CC1B03368800F68978 /* ViewController.swift */; };
		B134C7D01B03368800F68978 /* Main.storyboard in Resources */ = {isa = PBXBuildFile; fileRef = B134C7CE1B03368800F68978 /* Main.storyboard */; };
		B134C7D21B03368800F68978 /* Images.xcassets in Resources */ = {isa = PBXBuildFile; fileRef = B134C7D11B03368800F68978 /* Images.xcassets */; };
		B134C7D51B03368800F68978 /* LaunchScreen.xib in Resources */ = {isa = PBXBuildFile; fileRef = B134C7D31B03368800F68978 /* LaunchScreen.xib */; };
		B134C7E11B03368800F68978 /* MRTTests.swift in Sources */ = {isa = PBXBuildFile; fileRef = B134C7E01B03368800F68978 /* MRTTests.swift */; };
		B134C7EC1B033FB000F68978 /* SwiftyJSON.swift in Sources */ = {isa = PBXBuildFile; fileRef = B134C7EA1B033FB000F68978 /* SwiftyJSON.swift */; };
		B134C7ED1B033FB000F68978 /* URLConnection.swift in Sources */ = {isa = PBXBuildFile; fileRef = B134C7EB1B033FB000F68978 /* URLConnection.swift */; };
		B134C7EF1B044F9B00F68978 /* Station.swift in Sources */ = {isa = PBXBuildFile; fileRef = B134C7EE1B044F9B00F68978 /* Station.swift */; };
		B134C7F11B046D2300F68978 /* DepartureManager.swift in Sources */ = {isa = PBXBuildFile; fileRef = B134C7F01B046D2300F68978 /* DepartureManager.swift */; };
/* End PBXBuildFile section */

/* Begin PBXContainerItemProxy section */
		B134C7DB1B03368800F68978 /* PBXContainerItemProxy */ = {
			isa = PBXContainerItemProxy;
			containerPortal = B134C7BD1B03368700F68978 /* Project object */;
			proxyType = 1;
			remoteGlobalIDString = B134C7C41B03368800F68978;
			remoteInfo = MRT;
		};
/* End PBXContainerItemProxy section */

/* Begin PBXFileReference section */
		B134C7C51B03368800F68978 /* MRT.app */ = {isa = PBXFileReference; explicitFileType = wrapper.application; includeInIndex = 0; path = MRT.app; sourceTree = BUILT_PRODUCTS_DIR; };
		B134C7C91B03368800F68978 /* Info.plist */ = {isa = PBXFileReference; lastKnownFileType = text.plist.xml; path = Info.plist; sourceTree = "<group>"; };
		B134C7CA1B03368800F68978 /* AppDelegate.swift */ = {isa = PBXFileReference; lastKnownFileType = sourcecode.swift; path = AppDelegate.swift; sourceTree = "<group>"; };
		B134C7CC1B03368800F68978 /* ViewController.swift */ = {isa = PBXFileReference; lastKnownFileType = sourcecode.swift; path = ViewController.swift; sourceTree = "<group>"; };
		B134C7CF1B03368800F68978 /* Base */ = {isa = PBXFileReference; lastKnownFileType = file.storyboard; name = Base; path = Base.lproj/Main.storyboard; sourceTree = "<group>"; };
		B134C7D11B03368800F68978 /* Images.xcassets */ = {isa = PBXFileReference; lastKnownFileType = folder.assetcatalog; path = Images.xcassets; sourceTree = "<group>"; };
		B134C7D41B03368800F68978 /* Base */ = {isa = PBXFileReference; lastKnownFileType = file.xib; name = Base; path = Base.lproj/LaunchScreen.xib; sourceTree = "<group>"; };
		B134C7DA1B03368800F68978 /* MRTTests.xctest */ = {isa = PBXFileReference; explicitFileType = wrapper.cfbundle; includeInIndex = 0; path = MRTTests.xctest; sourceTree = BUILT_PRODUCTS_DIR; };
		B134C7DF1B03368800F68978 /* Info.plist */ = {isa = PBXFileReference; lastKnownFileType = text.plist.xml; path = Info.plist; sourceTree = "<group>"; };
		B134C7E01B03368800F68978 /* MRTTests.swift */ = {isa = PBXFileReference; lastKnownFileType = sourcecode.swift; path = MRTTests.swift; sourceTree = "<group>"; };
		B134C7EA1B033FB000F68978 /* SwiftyJSON.swift */ = {isa = PBXFileReference; fileEncoding = 4; lastKnownFileType = sourcecode.swift; path = SwiftyJSON.swift; sourceTree = "<group>"; };
		B134C7EB1B033FB000F68978 /* URLConnection.swift */ = {isa = PBXFileReference; fileEncoding = 4; lastKnownFileType = sourcecode.swift; path = URLConnection.swift; sourceTree = "<group>"; };
		B134C7EE1B044F9B00F68978 /* Station.swift */ = {isa = PBXFileReference; fileEncoding = 4; lastKnownFileType = sourcecode.swift; path = Station.swift; sourceTree = "<group>"; };
		B134C7F01B046D2300F68978 /* DepartureManager.swift */ = {isa = PBXFileReference; fileEncoding = 4; lastKnownFileType = sourcecode.swift; path = DepartureManager.swift; sourceTree = "<group>"; };
/* End PBXFileReference section */

/* Begin PBXFrameworksBuildPhase section */
		B134C7C21B03368800F68978 /* Frameworks */ = {
			isa = PBXFrameworksBuildPhase;
			buildActionMask = 2147483647;
			files = (
			);
			runOnlyForDeploymentPostprocessing = 0;
		};
		B134C7D71B03368800F68978 /* Frameworks */ = {
			isa = PBXFrameworksBuildPhase;
			buildActionMask = 2147483647;
			files = (
			);
			runOnlyForDeploymentPostprocessing = 0;
		};
/* End PBXFrameworksBuildPhase section */

/* Begin PBXGroup section */
		B134C7BC1B03368700F68978 = {
			isa = PBXGroup;
			children = (
				B134C7C71B03368800F68978 /* MRT */,
				B134C7DD1B03368800F68978 /* MRTTests */,
				B134C7C61B03368800F68978 /* Products */,
			);
			sourceTree = "<group>";
		};
		B134C7C61B03368800F68978 /* Products */ = {
			isa = PBXGroup;
			children = (
				B134C7C51B03368800F68978 /* MRT.app */,
				B134C7DA1B03368800F68978 /* MRTTests.xctest */,
			);
			name = Products;
			sourceTree = "<group>";
		};
		B134C7C71B03368800F68978 /* MRT */ = {
			isa = PBXGroup;
			children = (
				B134C7EA1B033FB000F68978 /* SwiftyJSON.swift */,
				B134C7EB1B033FB000F68978 /* URLConnection.swift */,
				B134C7CA1B03368800F68978 /* AppDelegate.swift */,
				B134C7CC1B03368800F68978 /* ViewController.swift */,
				B134C7EE1B044F9B00F68978 /* Station.swift */,
				B134C7F01B046D2300F68978 /* DepartureManager.swift */,
				B134C7CE1B03368800F68978 /* Main.storyboard */,
				B134C7D11B03368800F68978 /* Images.xcassets */,
				B134C7D31B03368800F68978 /* LaunchScreen.xib */,
				B134C7C81B03368800F68978 /* Supporting Files */,
			);
			path = MRT;
			sourceTree = "<group>";
		};
		B134C7C81B03368800F68978 /* Supporting Files */ = {
			isa = PBXGroup;
			children = (
				B134C7C91B03368800F68978 /* Info.plist */,
			);
			name = "Supporting Files";
			sourceTree = "<group>";
		};
		B134C7DD1B03368800F68978 /* MRTTests */ = {
			isa = PBXGroup;
			children = (
				B134C7E01B03368800F68978 /* MRTTests.swift */,
				B134C7DE1B03368800F68978 /* Supporting Files */,
			);
			path = MRTTests;
			sourceTree = "<group>";
		};
		B134C7DE1B03368800F68978 /* Supporting Files */ = {
			isa = PBXGroup;
			children = (
				B134C7DF1B03368800F68978 /* Info.plist */,
			);
			name = "Supporting Files";
			sourceTree = "<group>";
		};
/* End PBXGroup section */

/* Begin PBXNativeTarget section */
		B134C7C41B03368800F68978 /* MRT */ = {
			isa = PBXNativeTarget;
			buildConfigurationList = B134C7E41B03368800F68978 /* Build configuration list for PBXNativeTarget "MRT" */;
			buildPhases = (
				B134C7C11B03368800F68978 /* Sources */,
				B134C7C21B03368800F68978 /* Frameworks */,
				B134C7C31B03368800F68978 /* Resources */,
			);
			buildRules = (
			);
			dependencies = (
			);
			name = MRT;
			productName = MRT;
			productReference = B134C7C51B03368800F68978 /* MRT.app */;
			productType = "com.apple.product-type.application";
		};
		B134C7D91B03368800F68978 /* MRTTests */ = {
			isa = PBXNativeTarget;
			buildConfigurationList = B134C7E71B03368800F68978 /* Build configuration list for PBXNativeTarget "MRTTests" */;
			buildPhases = (
				B134C7D61B03368800F68978 /* Sources */,
				B134C7D71B03368800F68978 /* Frameworks */,
				B134C7D81B03368800F68978 /* Resources */,
			);
			buildRules = (
			);
			dependencies = (
				B134C7DC1B03368800F68978 /* PBXTargetDependency */,
			);
			name = MRTTests;
			productName = MRTTests;
			productReference = B134C7DA1B03368800F68978 /* MRTTests.xctest */;
			productType = "com.apple.product-type.bundle.unit-test";
		};
/* End PBXNativeTarget section */

/* Begin PBXProject section */
		B134C7BD1B03368700F68978 /* Project object */ = {
			isa = PBXProject;
			attributes = {
				LastUpgradeCheck = 0630;
				ORGANIZATIONNAME = Inflames;
				TargetAttributes = {
					B134C7C41B03368800F68978 = {
						CreatedOnToolsVersion = 6.3.1;
					};
					B134C7D91B03368800F68978 = {
						CreatedOnToolsVersion = 6.3.1;
						TestTargetID = B134C7C41B03368800F68978;
					};
				};
			};
			buildConfigurationList = B134C7C01B03368700F68978 /* Build configuration list for PBXProject "MRT" */;
			compatibilityVersion = "Xcode 3.2";
			developmentRegion = English;
			hasScannedForEncodings = 0;
			knownRegions = (
				en,
				Base,
			);
			mainGroup = B134C7BC1B03368700F68978;
			productRefGroup = B134C7C61B03368800F68978 /* Products */;
			projectDirPath = "";
			projectRoot = "";
			targets = (
				B134C7C41B03368800F68978 /* MRT */,
				B134C7D91B03368800F68978 /* MRTTests */,
			);
		};
/* End PBXProject section */

/* Begin PBXResourcesBuildPhase section */
		B134C7C31B03368800F68978 /* Resources */ = {
			isa = PBXResourcesBuildPhase;
			buildActionMask = 2147483647;
			files = (
				B134C7D01B03368800F68978 /* Main.storyboard in Resources */,
				B134C7D51B03368800F68978 /* LaunchScreen.xib in Resources */,
				B134C7D21B03368800F68978 /* Images.xcassets in Resources */,
			);
			runOnlyForDeploymentPostprocessing = 0;
		};
		B134C7D81B03368800F68978 /* Resources */ = {
			isa = PBXResourcesBuildPhase;
			buildActionMask = 2147483647;
			files = (
			);
			runOnlyForDeploymentPostprocessing = 0;
		};
/* End PBXResourcesBuildPhase section */

/* Begin PBXSourcesBuildPhase section */
		B134C7C11B03368800F68978 /* Sources */ = {
			isa = PBXSourcesBuildPhase;
			buildActionMask = 2147483647;
			files = (
				B134C7EC1B033FB000F68978 /* SwiftyJSON.swift in Sources */,
				B134C7EF1B044F9B00F68978 /* Station.swift in Sources */,
				B134C7F11B046D2300F68978 /* DepartureManager.swift in Sources */,
				B134C7ED1B033FB000F68978 /* URLConnection.swift in Sources */,
				B134C7CD1B03368800F68978 /* ViewController.swift in Sources */,
				B134C7CB1B03368800F68978 /* AppDelegate.swift in Sources */,
			);
			runOnlyForDeploymentPostprocessing = 0;
		};
		B134C7D61B03368800F68978 /* Sources */ = {
			isa = PBXSourcesBuildPhase;
			buildActionMask = 2147483647;
			files = (
				B134C7E11B03368800F68978 /* MRTTests.swift in Sources */,
			);
			runOnlyForDeploymentPostprocessing = 0;
		};
/* End PBXSourcesBuildPhase section */

/* Begin PBXTargetDependency section */
		B134C7DC1B03368800F68978 /* PBXTargetDependency */ = {
			isa = PBXTargetDependency;
			target = B134C7C41B03368800F68978 /* MRT */;
			targetProxy = B134C7DB1B03368800F68978 /* PBXContainerItemProxy */;
		};
/* End PBXTargetDependency section */

/* Begin PBXVariantGroup section */
		B134C7CE1B03368800F68978 /* Main.storyboard */ = {
			isa = PBXVariantGroup;
			children = (
				B134C7CF1B03368800F68978 /* Base */,
			);
			name = Main.storyboard;
			sourceTree = "<group>";
		};
		B134C7D31B03368800F68978 /* LaunchScreen.xib */ = {
			isa = PBXVariantGroup;
			children = (
				B134C7D41B03368800F68978 /* Base */,
			);
			name = LaunchScreen.xib;
			sourceTree = "<group>";
		};
/* End PBXVariantGroup section */

/* Begin XCBuildConfiguration section */
		B134C7E21B03368800F68978 /* Debug */ = {
			isa = XCBuildConfiguration;
			buildSettings = {
				ALWAYS_SEARCH_USER_PATHS = NO;
				CLANG_CXX_LANGUAGE_STANDARD = "gnu++0x";
				CLANG_CXX_LIBRARY = "libc++";
				CLANG_ENABLE_MODULES = YES;
				CLANG_ENABLE_OBJC_ARC = YES;
				CLANG_WARN_BOOL_CONVERSION = YES;
				CLANG_WARN_CONSTANT_CONVERSION = YES;
				CLANG_WARN_DIRECT_OBJC_ISA_USAGE = YES_ERROR;
				CLANG_WARN_EMPTY_BODY = YES;
				CLANG_WARN_ENUM_CONVERSION = YES;
				CLANG_WARN_INT_CONVERSION = YES;
				CLANG_WARN_OBJC_ROOT_CLASS = YES_ERROR;
				CLANG_WARN_UNREACHABLE_CODE = YES;
				CLANG_WARN__DUPLICATE_METHOD_MATCH = YES;
				"CODE_SIGN_IDENTITY[sdk=iphoneos*]" = "iPhone Developer";
				COPY_PHASE_STRIP = NO;
				DEBUG_INFORMATION_FORMAT = "dwarf-with-dsym";
				ENABLE_STRICT_OBJC_MSGSEND = YES;
				GCC_C_LANGUAGE_STANDARD = gnu99;
				GCC_DYNAMIC_NO_PIC = NO;
				GCC_NO_COMMON_BLOCKS = YES;
				GCC_OPTIMIZATION_LEVEL = 0;
				GCC_PREPROCESSOR_DEFINITIONS = (
					"DEBUG=1",
					"$(inherited)",
				);
				GCC_SYMBOLS_PRIVATE_EXTERN = NO;
				GCC_WARN_64_TO_32_BIT_CONVERSION = YES;
				GCC_WARN_ABOUT_RETURN_TYPE = YES_ERROR;
				GCC_WARN_UNDECLARED_SELECTOR = YES;
				GCC_WARN_UNINITIALIZED_AUTOS = YES_AGGRESSIVE;
				GCC_WARN_UNUSED_FUNCTION = YES;
				GCC_WARN_UNUSED_VARIABLE = YES;
				IPHONEOS_DEPLOYMENT_TARGET = 8.3;
				MTL_ENABLE_DEBUG_INFO = YES;
				ONLY_ACTIVE_ARCH = YES;
				SDKROOT = iphoneos;
				SWIFT_OPTIMIZATION_LEVEL = "-Onone";
			};
			name = Debug;
		};
		B134C7E31B03368800F68978 /* Release */ = {
			isa = XCBuildConfiguration;
			buildSettings = {
				ALWAYS_SEARCH_USER_PATHS = NO;
				CLANG_CXX_LANGUAGE_STANDARD = "gnu++0x";
				CLANG_CXX_LIBRARY = "libc++";
				CLANG_ENABLE_MODULES = YES;
				CLANG_ENABLE_OBJC_ARC = YES;
				CLANG_WARN_BOOL_CONVERSION = YES;
				CLANG_WARN_CONSTANT_CONVERSION = YES;
				CLANG_WARN_DIRECT_OBJC_ISA_USAGE = YES_ERROR;
				CLANG_WARN_EMPTY_BODY = YES;
				CLANG_WARN_ENUM_CONVERSION = YES;
				CLANG_WARN_INT_CONVERSION = YES;
				CLANG_WARN_OBJC_ROOT_CLASS = YES_ERROR;
				CLANG_WARN_UNREACHABLE_CODE = YES;
				CLANG_WARN__DUPLICATE_METHOD_MATCH = YES;
				"CODE_SIGN_IDENTITY[sdk=iphoneos*]" = "iPhone Developer";
				COPY_PHASE_STRIP = NO;
				DEBUG_INFORMATION_FORMAT = "dwarf-with-dsym";
				ENABLE_NS_ASSERTIONS = NO;
				ENABLE_STRICT_OBJC_MSGSEND = YES;
				GCC_C_LANGUAGE_STANDARD = gnu99;
				GCC_NO_COMMON_BLOCKS = YES;
				GCC_WARN_64_TO_32_BIT_CONVERSION = YES;
				GCC_WARN_ABOUT_RETURN_TYPE = YES_ERROR;
				GCC_WARN_UNDECLARED_SELECTOR = YES;
				GCC_WARN_UNINITIALIZED_AUTOS = YES_AGGRESSIVE;
				GCC_WARN_UNUSED_FUNCTION = YES;
				GCC_WARN_UNUSED_VARIABLE = YES;
				IPHONEOS_DEPLOYMENT_TARGET = 8.3;
				MTL_ENABLE_DEBUG_INFO = NO;
				SDKROOT = iphoneos;
				VALIDATE_PRODUCT = YES;
			};
			name = Release;
		};
		B134C7E51B03368800F68978 /* Debug */ = {
			isa = XCBuildConfiguration;
			buildSettings = {
				ASSETCATALOG_COMPILER_APPICON_NAME = AppIcon;
				INFOPLIST_FILE = MRT/Info.plist;
				LD_RUNPATH_SEARCH_PATHS = "$(inherited) @executable_path/Frameworks";
				PRODUCT_NAME = "$(TARGET_NAME)";
			};
			name = Debug;
		};
		B134C7E61B03368800F68978 /* Release */ = {
			isa = XCBuildConfiguration;
			buildSettings = {
				ASSETCATALOG_COMPILER_APPICON_NAME = AppIcon;
				INFOPLIST_FILE = MRT/Info.plist;
				LD_RUNPATH_SEARCH_PATHS = "$(inherited) @executable_path/Frameworks";
				PRODUCT_NAME = "$(TARGET_NAME)";
			};
			name = Release;
		};
		B134C7E81B03368800F68978 /* Debug */ = {
			isa = XCBuildConfiguration;
			buildSettings = {
				BUNDLE_LOADER = "$(TEST_HOST)";
				FRAMEWORK_SEARCH_PATHS = (
					"$(SDKROOT)/Developer/Library/Frameworks",
					"$(inherited)",
				);
				GCC_PREPROCESSOR_DEFINITIONS = (
					"DEBUG=1",
					"$(inherited)",
				);
				INFOPLIST_FILE = MRTTests/Info.plist;
				LD_RUNPATH_SEARCH_PATHS = "$(inherited) @executable_path/Frameworks @loader_path/Frameworks";
				PRODUCT_NAME = "$(TARGET_NAME)";
				TEST_HOST = "$(BUILT_PRODUCTS_DIR)/MRT.app/MRT";
			};
			name = Debug;
		};
		B134C7E91B03368800F68978 /* Release */ = {
			isa = XCBuildConfiguration;
			buildSettings = {
				BUNDLE_LOADER = "$(TEST_HOST)";
				FRAMEWORK_SEARCH_PATHS = (
					"$(SDKROOT)/Developer/Library/Frameworks",
					"$(inherited)",
				);
				INFOPLIST_FILE = MRTTests/Info.plist;
				LD_RUNPATH_SEARCH_PATHS = "$(inherited) @executable_path/Frameworks @loader_path/Frameworks";
				PRODUCT_NAME = "$(TARGET_NAME)";
				TEST_HOST = "$(BUILT_PRODUCTS_DIR)/MRT.app/MRT";
			};
			name = Release;
		};
/* End XCBuildConfiguration section */

/* Begin XCConfigurationList section */
		B134C7C01B03368700F68978 /* Build configuration list for PBXProject "MRT" */ = {
			isa = XCConfigurationList;
			buildConfigurations = (
				B134C7E21B03368800F68978 /* Debug */,
				B134C7E31B03368800F68978 /* Release */,
			);
			defaultConfigurationIsVisible = 0;
			defaultConfigurationName = Release;
		};
		B134C7E41B03368800F68978 /* Build configuration list for PBXNativeTarget "MRT" */ = {
			isa = XCConfigurationList;
			buildConfigurations = (
				B134C7E51B03368800F68978 /* Debug */,
				B134C7E61B03368800F68978 /* Release */,
			);
			defaultConfigurationIsVisible = 0;
			defaultConfigurationName = Release;
		};
		B134C7E71B03368800F68978 /* Build configuration list for PBXNativeTarget "MRTTests" */ = {
			isa = XCConfigurationList;
			buildConfigurations = (
				B134C7E81B03368800F68978 /* Debug */,
				B134C7E91B03368800F68978 /* Release */,
			);
			defaultConfigurationIsVisible = 0;
			defaultConfigurationName = Release;
		};
/* End XCConfigurationList section */
	};
	rootObject = B134C7BD1B03368700F68978 /* Project object */;
}
